
Microsoft Visual Studio Solution File, Format Version 12.00
# Visual Studio Version 17
VisualStudioVersion = 17.7.34031.279
MinimumVisualStudioVersion = 10.0.40219.1
Project("{9A19103F-16F7-4668-BE54-9A1E7A4F7556}") = "EmployeeLeaveAPI", "EmployeeLeaveAPI\EmployeeLeaveAPI.csproj", "{99C5DEF7-D58A-47B5-89F9-2EF40B752A83}"
EndProject
Project("{54A90642-561A-4BB1-A94E-469ADEE60C69}") = "EmployeeLeave-FrontEnd", "EmployeeLeave-FrontEnd\EmployeeLeave-FrontEnd.esproj", "{801AAFAD-FC70-41B2-8EAC-F916C228501F}"
EndProject
Global
	GlobalSection(SolutionConfigurationPlatforms) = preSolution
		Debug|Any CPU = Debug|Any CPU
		Release|Any CPU = Release|Any CPU
	EndGlobalSection
	GlobalSection(ProjectConfigurationPlatforms) = postSolution
		{99C5DEF7-D58A-47B5-89F9-2EF40B752A83}.Debug|Any CPU.ActiveCfg = Debug|Any CPU
		{99C5DEF7-D58A-47B5-89F9-2EF40B752A83}.Debug|Any CPU.Build.0 = Debug|Any CPU
		{99C5DEF7-D58A-47B5-89F9-2EF40B752A83}.Release|Any CPU.ActiveCfg = Release|Any CPU
		{99C5DEF7-D58A-47B5-89F9-2EF40B752A83}.Release|Any CPU.Build.0 = Release|Any CPU
		{801AAFAD-FC70-41B2-8EAC-F916C228501F}.Debug|Any CPU.ActiveCfg = Debug|Any CPU
		{801AAFAD-FC70-41B2-8EAC-F916C228501F}.Debug|Any CPU.Build.0 = Debug|Any CPU
		{801AAFAD-FC70-41B2-8EAC-F916C228501F}.Debug|Any CPU.Deploy.0 = Debug|Any CPU
		{801AAFAD-FC70-41B2-8EAC-F916C228501F}.Release|Any CPU.ActiveCfg = Release|Any CPU
		{801AAFAD-FC70-41B2-8EAC-F916C228501F}.Release|Any CPU.Build.0 = Release|Any CPU
		{801AAFAD-FC70-41B2-8EAC-F916C228501F}.Release|Any CPU.Deploy.0 = Release|Any CPU
	EndGlobalSection
	GlobalSection(SolutionProperties) = preSolution
		HideSolutionNode = FALSE
	EndGlobalSection
	GlobalSection(ExtensibilityGlobals) = postSolution
		SolutionGuid = {6F49211D-A2BB-494C-BF15-7257CDAFEBD5}
	EndGlobalSection
EndGlobal
